
Microsoft Visual Studio Solution File, Format Version 12.00
# Visual Studio Version 17
VisualStudioVersion = 17.0.31903.59
MinimumVisualStudioVersion = 10.0.40219.1
Project("{FAE04EC0-301F-11D3-BF4B-00C04F79EFBC}") = "Asset.Management.API", "Asset.Management.API\Asset.Management.API.csproj", "{B3A57414-78DF-4303-9FE2-B83794188DC3}"
EndProject
Project("{FAE04EC0-301F-11D3-BF4B-00C04F79EFBC}") = "Asset.Management.Infra", "Asset.Management.Infra\Asset.Management.Infra.csproj", "{6E5224A6-D26E-484D-92BA-36785065DE94}"
EndProject
Project("{FAE04EC0-301F-11D3-BF4B-00C04F79EFBC}") = "Asset.Management.Domain", "Asset.Management.Domain\Asset.Management.Domain.csproj", "{A3EECFC2-CB71-4FB0-9231-89DFCE19D4A1}"
EndProject
Project("{FAE04EC0-301F-11D3-BF4B-00C04F79EFBC}") = "Asset.Management.Test", "Asset.Management.Test\Asset.Management.Test.csproj", "{6CD8067E-7D24-44E5-8286-F7190E654D85}"
EndProject
Global
	GlobalSection(SolutionConfigurationPlatforms) = preSolution
		Debug|Any CPU = Debug|Any CPU
		Release|Any CPU = Release|Any CPU
	EndGlobalSection
	GlobalSection(SolutionProperties) = preSolution
		HideSolutionNode = FALSE
	EndGlobalSection
	GlobalSection(ProjectConfigurationPlatforms) = postSolution
		{B3A57414-78DF-4303-9FE2-B83794188DC3}.Debug|Any CPU.ActiveCfg = Debug|Any CPU
		{B3A57414-78DF-4303-9FE2-B83794188DC3}.Debug|Any CPU.Build.0 = Debug|Any CPU
		{B3A57414-78DF-4303-9FE2-B83794188DC3}.Release|Any CPU.ActiveCfg = Release|Any CPU
		{B3A57414-78DF-4303-9FE2-B83794188DC3}.Release|Any CPU.Build.0 = Release|Any CPU
		{9006BC67-4149-426F-995C-350D6F24A0A6}.Debug|Any CPU.ActiveCfg = Debug|Any CPU
		{9006BC67-4149-426F-995C-350D6F24A0A6}.Debug|Any CPU.Build.0 = Debug|Any CPU
		{9006BC67-4149-426F-995C-350D6F24A0A6}.Release|Any CPU.ActiveCfg = Release|Any CPU
		{9006BC67-4149-426F-995C-350D6F24A0A6}.Release|Any CPU.Build.0 = Release|Any CPU
		{2849EA71-5898-4EC8-983D-AD1B09670F03}.Debug|Any CPU.ActiveCfg = Debug|Any CPU
		{2849EA71-5898-4EC8-983D-AD1B09670F03}.Debug|Any CPU.Build.0 = Debug|Any CPU
		{2849EA71-5898-4EC8-983D-AD1B09670F03}.Release|Any CPU.ActiveCfg = Release|Any CPU
		{2849EA71-5898-4EC8-983D-AD1B09670F03}.Release|Any CPU.Build.0 = Release|Any CPU
		{9185ED15-ABBB-4282-8140-059145624244}.Debug|Any CPU.ActiveCfg = Debug|Any CPU
		{9185ED15-ABBB-4282-8140-059145624244}.Debug|Any CPU.Build.0 = Debug|Any CPU
		{9185ED15-ABBB-4282-8140-059145624244}.Release|Any CPU.ActiveCfg = Release|Any CPU
		{9185ED15-ABBB-4282-8140-059145624244}.Release|Any CPU.Build.0 = Release|Any CPU
		{6E5224A6-D26E-484D-92BA-36785065DE94}.Debug|Any CPU.ActiveCfg = Debug|Any CPU
		{6E5224A6-D26E-484D-92BA-36785065DE94}.Debug|Any CPU.Build.0 = Debug|Any CPU
		{6E5224A6-D26E-484D-92BA-36785065DE94}.Release|Any CPU.ActiveCfg = Release|Any CPU
		{6E5224A6-D26E-484D-92BA-36785065DE94}.Release|Any CPU.Build.0 = Release|Any CPU
		{A3EECFC2-CB71-4FB0-9231-89DFCE19D4A1}.Debug|Any CPU.ActiveCfg = Debug|Any CPU
		{A3EECFC2-CB71-4FB0-9231-89DFCE19D4A1}.Debug|Any CPU.Build.0 = Debug|Any CPU
		{A3EECFC2-CB71-4FB0-9231-89DFCE19D4A1}.Release|Any CPU.ActiveCfg = Release|Any CPU
		{A3EECFC2-CB71-4FB0-9231-89DFCE19D4A1}.Release|Any CPU.Build.0 = Release|Any CPU
		{6CD8067E-7D24-44E5-8286-F7190E654D85}.Debug|Any CPU.ActiveCfg = Debug|Any CPU
		{6CD8067E-7D24-44E5-8286-F7190E654D85}.Debug|Any CPU.Build.0 = Debug|Any CPU
		{6CD8067E-7D24-44E5-8286-F7190E654D85}.Release|Any CPU.ActiveCfg = Release|Any CPU
		{6CD8067E-7D24-44E5-8286-F7190E654D85}.Release|Any CPU.Build.0 = Release|Any CPU
	EndGlobalSection
EndGlobal
